
Microsoft Visual Studio Solution File, Format Version 12.00
# Visual Studio Version 16
VisualStudioVersion = 16.0.32510.428
MinimumVisualStudioVersion = 10.0.40219.1
Project("{FAE04EC0-301F-11D3-BF4B-00C04F79EFBC}") = "EShopSolution.WebApp", "EShopSolution.WebApp\EShopSolution.WebApp.csproj", "{EAAD8BD5-3021-4CCE-A431-828AFE6B5375}"
EndProject
Global
	GlobalSection(SolutionConfigurationPlatforms) = preSolution
		Debug|Any CPU = Debug|Any CPU
		Release|Any CPU = Release|Any CPU
	EndGlobalSection
	GlobalSection(ProjectConfigurationPlatforms) = postSolution
		{EAAD8BD5-3021-4CCE-A431-828AFE6B5375}.Debug|Any CPU.ActiveCfg = Debug|Any CPU
		{EAAD8BD5-3021-4CCE-A431-828AFE6B5375}.Debug|Any CPU.Build.0 = Debug|Any CPU
		{EAAD8BD5-3021-4CCE-A431-828AFE6B5375}.Release|Any CPU.ActiveCfg = Release|Any CPU
		{EAAD8BD5-3021-4CCE-A431-828AFE6B5375}.Release|Any CPU.Build.0 = Release|Any CPU
	EndGlobalSection
	GlobalSection(SolutionProperties) = preSolution
		HideSolutionNode = FALSE
	EndGlobalSection
	GlobalSection(ExtensibilityGlobals) = postSolution
		SolutionGuid = {DF564BE9-809D-4B5C-A692-1E102EC00B97}
	EndGlobalSection
EndGlobal
